# This file is automatically @generated by Cargo.
# It is not intended for manual editing.
version = 3

[[package]]
name = "addr2line"
version = "0.14.1"
source = "registry+https://github.com/rust-lang/crates.io-index"
checksum = "a55f82cfe485775d02112886f4169bde0c5894d75e79ead7eafe7e40a25e45f7"
dependencies = [
 "gimli",
]

[[package]]
name = "adler"
version = "0.2.1"
source = "registry+https://github.com/rust-lang/crates.io-index"
checksum = "6aa100a6f6f525226719f8de3f70076be4f4191801ebd92621450d1c51e9053d"

[[package]]
name = "adler"
version = "1.0.0"
source = "registry+https://github.com/rust-lang/crates.io-index"
checksum = "cbe262130bf8e280f95bb7f04f74a82dca9950bbdc12c68b4d3dab0112494d37"

[[package]]
name = "anyhow"
version = "1.0.66"
source = "registry+https://github.com/rust-lang/crates.io-index"
checksum = "216261ddc8289130e551ddcd5ce8a064710c0d064a4d2895c67151c92b5443f6"

[[package]]
name = "arc-swap"
version = "0.4.0"
source = "registry+https://github.com/rust-lang/crates.io-index"
checksum = "6e43c468bcaa343ddcad9e46806e066e39f62434898b20f5af21261da910d5c7"

[[package]]
name = "arrayvec"
version = "0.7.2"
source = "registry+https://github.com/rust-lang/crates.io-index"
checksum = "8da52d66c7071e2e3fa2a1e5c6d088fec47b593032b254f5e980de8ea54454d6"

[[package]]
name = "autocfg"
version = "1.1.0"
source = "registry+https://github.com/rust-lang/crates.io-index"
checksum = "d468802bab17cbc0cc575e9b053f41e72aa36bfa6b7f55e3529ffa43161b97fa"

[[package]]
name = "backtrace"
version = "0.3.58"
source = "registry+https://github.com/rust-lang/crates.io-index"
checksum = "88fb5a785d6b44fd9d6700935608639af1b8356de1e55d5f7c2740f4faa15d82"
dependencies = [
 "addr2line",
 "cc",
 "cfg-if 1.0.0",
 "libc 0.2.150",
 "miniz_oxide 0.4.0",
 "object",
 "rustc-demangle",
]

[[package]]
name = "base58ck"
version = "0.1.0"
source = "registry+https://github.com/rust-lang/crates.io-index"
checksum = "2c8d66485a3a2ea485c1913c4572ce0256067a5377ac8c75c4960e1cda98605f"
dependencies = [
 "bitcoin-internals 0.3.0",
 "bitcoin_hashes 0.14.0",
]

[[package]]
name = "base64"
version = "0.21.3"
source = "registry+https://github.com/rust-lang/crates.io-index"
checksum = "414dcefbc63d77c526a76b3afcf6fbb9b5e2791c19c3aa2297733208750c6e53"

[[package]]
name = "base64"
version = "0.22.1"
source = "registry+https://github.com/rust-lang/crates.io-index"
checksum = "72b3254f16251a8381aa12e40e3c4d2f0199f8c6508fbecb9d91f575e0fbb8c6"

[[package]]
name = "bech32"
version = "0.11.0"
source = "registry+https://github.com/rust-lang/crates.io-index"
checksum = "d965446196e3b7decd44aa7ee49e31d630118f90ef12f97900f262eb915c951d"

[[package]]
name = "bitcoin"
version = "0.32.0"
source = "registry+https://github.com/rust-lang/crates.io-index"
checksum = "7170e7750a20974246f17ece04311b4205a6155f1db564c5b224af817663c3ea"
dependencies = [
 "base58ck",
 "base64 0.21.3",
 "bech32",
 "bitcoin-internals 0.3.0",
 "bitcoin-io",
 "bitcoin-units",
 "bitcoin_hashes 0.14.0",
 "hex-conservative 0.2.2",
 "hex_lit",
 "secp256k1",
 "serde",
]

[[package]]
name = "bitcoin-internals"
version = "0.2.0"
source = "registry+https://github.com/rust-lang/crates.io-index"
checksum = "9425c3bf7089c983facbae04de54513cce73b41c7f9ff8c845b54e7bc64ebbfb"

[[package]]
name = "bitcoin-internals"
version = "0.3.0"
source = "registry+https://github.com/rust-lang/crates.io-index"
checksum = "30bdbe14aa07b06e6cfeffc529a1f099e5fbe249524f8125358604df99a4bed2"
dependencies = [
 "serde",
]

[[package]]
name = "bitcoin-io"
version = "0.1.1"
source = "registry+https://github.com/rust-lang/crates.io-index"
checksum = "17e5b76b88667412087beea1882980ad843b660490bbf6cce0a6cfc999c5b989"

[[package]]
name = "bitcoin-private"
version = "0.1.0"
source = "registry+https://github.com/rust-lang/crates.io-index"
checksum = "73290177011694f38ec25e165d0387ab7ea749a4b81cd4c80dae5988229f7a57"

[[package]]
name = "bitcoin-units"
version = "0.1.0"
source = "registry+https://github.com/rust-lang/crates.io-index"
checksum = "8d437fd727271c866d6fd5e71eb2c886437d4c97f80d89246be3189b1da4e58b"
dependencies = [
 "bitcoin-internals 0.3.0",
 "serde",
]

[[package]]
name = "bitcoin_hashes"
version = "0.12.0"
source = "registry+https://github.com/rust-lang/crates.io-index"
checksum = "5d7066118b13d4b20b23645932dfb3a81ce7e29f95726c2036fa33cd7b092501"
dependencies = [
 "bitcoin-private",
]

[[package]]
name = "bitcoin_hashes"
version = "0.13.0"
source = "registry+https://github.com/rust-lang/crates.io-index"
checksum = "1930a4dabfebb8d7d9992db18ebe3ae2876f0a305fab206fd168df931ede293b"
dependencies = [
 "bitcoin-internals 0.2.0",
 "hex-conservative 0.1.1",
]

[[package]]
name = "bitcoin_hashes"
version = "0.14.0"
source = "registry+https://github.com/rust-lang/crates.io-index"
checksum = "bb18c03d0db0247e147a21a6faafd5a7eb851c743db062de72018b6b7e8e4d16"
dependencies = [
 "bitcoin-io",
 "hex-conservative 0.2.2",
 "serde",
]

[[package]]
name = "bitcoind"
version = "0.38.0"
source = "registry+https://github.com/rust-lang/crates.io-index"
checksum = "deae3e9d99e37df8e82023e9f253cabe4b26f8a24a3e4e415f97a546f5280b66"
dependencies = [
 "anyhow",
 "bitcoin_hashes 0.13.0",
 "bitreq",
 "corepc-client",
 "flate2",
 "log",
 "serde_json",
 "tar",
 "tempfile",
 "which",
 "zip",
]

[[package]]
name = "bitflags"
version = "1.1.0"
source = "registry+https://github.com/rust-lang/crates.io-index"
checksum = "3d155346769a6855b86399e9bc3814ab343cd3d62c7e985113d46a0ec3c281fd"

[[package]]
name = "bitflags"
version = "2.6.0"
source = "registry+https://github.com/rust-lang/crates.io-index"
checksum = "b048fb63fd8b5923fc5aa7b340d8e156aec7ec02f0c78fa8a6ddc2613f6f71de"

[[package]]
name = "bitreq"
version = "0.3.5"
source = "registry+https://github.com/rust-lang/crates.io-index"
checksum = "6df90cd78f0510165fd370574676aeb57dbec0ee3bfff68645bb7b0e9a65dbd5"
dependencies = [
 "base64 0.22.1",
 "native-tls",
 "rustls",
 "rustls-native-certs",
 "rustls-webpki",
 "serde",
 "serde_json",
 "tokio",
 "tokio-native-tls",
 "tokio-rustls",
 "webpki-roots",
]

[[package]]
name = "byteorder"
version = "1.4.3"
source = "registry+https://github.com/rust-lang/crates.io-index"
checksum = "14c189c53d098945499cdfa7ecc63567cf3886b3332b312a5b4585d8d3a6a610"

[[package]]
name = "bytes"
version = "1.0.0"
source = "registry+https://github.com/rust-lang/crates.io-index"
checksum = "ad1f8e949d755f9d79112b5bb46938e0ef9d3804a0b16dfab13aafcaa5f0fa72"

[[package]]
name = "bzip2"
version = "0.4.3"
source = "registry+https://github.com/rust-lang/crates.io-index"
checksum = "6afcd980b5f3a45017c57e57a2fcccbb351cc43a356ce117ef760ef8052b89b0"
dependencies = [
 "bzip2-sys",
 "libc 0.2.150",
]

[[package]]
name = "bzip2-sys"
version = "0.1.11+1.0.8"
source = "registry+https://github.com/rust-lang/crates.io-index"
checksum = "736a955f3fa7875102d57c82b8cac37ec45224a07fd32d58f9f7a186b6cd4cdc"
dependencies = [
 "cc",
 "libc 0.2.150",
 "pkg-config",
]

[[package]]
name = "cc"
version = "1.0.69"
source = "registry+https://github.com/rust-lang/crates.io-index"
checksum = "e70cc2f62c6ce1868963827bd677764c62d07c3d9a3e1fb1177ee1a9ab199eb2"

[[package]]
name = "cfg-if"
version = "0.1.2"
source = "registry+https://github.com/rust-lang/crates.io-index"
checksum = "d4c819a1287eb618df47cc647173c5c4c66ba19d888a6e50d605672aed3140de"

[[package]]
name = "cfg-if"
version = "1.0.0"
source = "registry+https://github.com/rust-lang/crates.io-index"
checksum = "baf1de4339761588bc0619e3cbc0120ee582ebb74b53b4efbf79117bd2da40fd"

[[package]]
name = "core-foundation"
version = "0.6.3"
source = "registry+https://github.com/rust-lang/crates.io-index"
checksum = "4e2640d6d0bf22e82bed1b73c6aef8d5dd31e5abe6666c57e6d45e2649f4f887"
dependencies = [
 "core-foundation-sys 0.6.2",
 "libc 0.2.150",
]

[[package]]
name = "core-foundation"
version = "0.10.0"
source = "registry+https://github.com/rust-lang/crates.io-index"
checksum = "b55271e5c8c478ad3f38ad24ef34923091e0548492a266d19b3c0b4d82574c63"
dependencies = [
 "core-foundation-sys 0.8.7",
 "libc 0.2.150",
]

[[package]]
name = "core-foundation-sys"
version = "0.6.2"
source = "registry+https://github.com/rust-lang/crates.io-index"
checksum = "e7ca8a5221364ef15ce201e8ed2f609fc312682a8f4e0e3d4aa5879764e0fa3b"

[[package]]
name = "core-foundation-sys"
version = "0.8.7"
source = "registry+https://github.com/rust-lang/crates.io-index"
checksum = "773648b94d0e5d620f64f280777445740e61fe701025087ec8b57f45c791888b"

[[package]]
name = "corepc-client"
version = "0.13.0"
source = "registry+https://github.com/rust-lang/crates.io-index"
checksum = "168e5075162cb8c253e8eea1575391c2ef8adde050bf9f3ef29d1cb109364388"
dependencies = [
 "bitcoin",
 "corepc-types",
 "jsonrpc",
 "log",
 "serde",
 "serde_json",
]

[[package]]
name = "corepc-types"
version = "0.12.0"
source = "registry+https://github.com/rust-lang/crates.io-index"
checksum = "1583872320eb2ac629c36753023fd072f1ca1b3b74b20cc62bab055b54278789"
dependencies = [
 "bitcoin",
 "serde",
 "serde_json",
]

[[package]]
name = "crc32fast"
version = "1.3.2"
source = "registry+https://github.com/rust-lang/crates.io-index"
checksum = "b540bd8bc810d3885c6ea91e2018302f68baba2129ab3e88f32389ee9370880d"
dependencies = [
 "cfg-if 1.0.0",
]

[[package]]
name = "crossbeam-utils"
version = "0.8.8"
source = "registry+https://github.com/rust-lang/crates.io-index"
checksum = "0bf124c720b7686e3c2663cf54062ab0f68a88af2fb6a030e87e30bf721fcb38"
dependencies = [
 "cfg-if 1.0.0",
 "lazy_static",
]

[[package]]
name = "electrsd"
version = "0.38.0"
source = "registry+https://github.com/rust-lang/crates.io-index"
checksum = "5f262d0fe6d24419a1b07ca321a85eca84ef0d10b4e4e267ba5fe48a8ec03dd9"
dependencies = [
 "bitcoin_hashes 0.14.0",
 "bitcoind",
 "bitreq",
 "corepc-client",
 "electrum-client",
 "log",
 "nix",
 "zip",
]

[[package]]
name = "electrum-client"
version = "0.24.0"
source = "registry+https://github.com/rust-lang/crates.io-index"
checksum = "ede7b07e2578a6df0093b101915c79dca0119d7f7810099ad9eef11341d2ae57"
dependencies = [
 "bitcoin",
 "log",
 "serde",
 "serde_json",
]

[[package]]
name = "esplora-client"
version = "0.12.2"
dependencies = [
 "bitcoin",
 "bitreq",
 "electrsd",
 "hex-conservative 0.2.2",
 "serde",
 "serde_json",
 "tokio",
]

[[package]]
name = "filetime"
version = "0.1.5"
source = "registry+https://github.com/rust-lang/crates.io-index"
checksum = "890116b8dd701a5601b076e26dac6eaf273ff3611146c5261696edf301391990"
dependencies = [
 "kernel32-sys",
 "libc 0.1.0",
 "winapi 0.2.0",
]

[[package]]
name = "flate2"
version = "1.0.23"
source = "registry+https://github.com/rust-lang/crates.io-index"
checksum = "b39522e96686d38f4bc984b9198e3a0613264abaebaff2c5c918bfa6b6da09af"
dependencies = [
 "cfg-if 1.0.0",
 "crc32fast",
 "libc 0.2.150",
 "miniz_oxide 0.5.0",
]

[[package]]
name = "foreign-types"
version = "0.3.1"
source = "registry+https://github.com/rust-lang/crates.io-index"
checksum = "a21b40436003b2a1e22483c5ed6c3d25e755b6b3120f601cc22aa57e25dc9065"
dependencies = [
 "foreign-types-shared",
]

[[package]]
name = "foreign-types-shared"
version = "0.1.0"
source = "registry+https://github.com/rust-lang/crates.io-index"
checksum = "baa1839fc3c5487b5e129ea4f774e3fd84e6c4607127315521bc014a722ebc9e"

[[package]]
name = "fuchsia-zircon"
version = "0.3.1"
source = "registry+https://github.com/rust-lang/crates.io-index"
checksum = "3b5365afd01fdf916e775a224e844f80b3b9710d0f4f00903e219e859474d7ae"
dependencies = [
 "bitflags 1.1.0",
 "fuchsia-zircon-sys",
]

[[package]]
name = "fuchsia-zircon-sys"
version = "0.3.1"
source = "registry+https://github.com/rust-lang/crates.io-index"
checksum = "069def9a0e5feb7e9120635f6ebad24d853a6affbb077fec84d0888316cf9ae6"

[[package]]
name = "getrandom"
version = "0.2.8"
source = "registry+https://github.com/rust-lang/crates.io-index"
checksum = "c05aeb6a22b8f62540c194aac980f2115af067bfe15a0734d7277a768d396b31"
dependencies = [
 "cfg-if 1.0.0",
 "libc 0.2.150",
 "wasi",
]

[[package]]
name = "gimli"
version = "0.23.0"
source = "registry+https://github.com/rust-lang/crates.io-index"
checksum = "f6503fe142514ca4799d4c26297c4248239fe8838d827db6bd6065c6ed29a6ce"

[[package]]
name = "hex-conservative"
version = "0.1.1"
source = "registry+https://github.com/rust-lang/crates.io-index"
checksum = "30ed443af458ccb6d81c1e7e661545f94d3176752fb1df2f543b902a1e0f51e2"

[[package]]
name = "hex-conservative"
version = "0.2.2"
source = "registry+https://github.com/rust-lang/crates.io-index"
checksum = "fda06d18ac606267c40c04e41b9947729bf8b9efe74bd4e82b61a5f26a510b9f"
dependencies = [
 "arrayvec",
]

[[package]]
name = "hex_lit"
version = "0.1.1"
source = "registry+https://github.com/rust-lang/crates.io-index"
checksum = "3011d1213f159867b13cfd6ac92d2cd5f1345762c63be3554e84092d85a50bbd"

[[package]]
name = "itoa"
version = "1.0.0"
source = "registry+https://github.com/rust-lang/crates.io-index"
checksum = "d2f3e61cf687687b30c9e6ddf0fc36cf15f035e66d491e6da968fa49ffa9a378"

[[package]]
name = "jsonrpc"
version = "0.20.0"
source = "registry+https://github.com/rust-lang/crates.io-index"
checksum = "12f6b9ae59887c395c907855e24b48cf61593a44a2d6757b1ada83d5a2d6b85a"
dependencies = [
 "base64 0.22.1",
 "bitreq",
 "serde",
 "serde_json",
]

[[package]]
name = "kernel32-sys"
version = "0.1.0"
source = "registry+https://github.com/rust-lang/crates.io-index"
checksum = "7e62ea4bbaabe0645309d4925d56c4c83d52b3d2120466b5cf7ba58052ee023e"
dependencies = [
 "winapi 0.0.1",
]

[[package]]
name = "lazy_static"
version = "1.4.0"
source = "registry+https://github.com/rust-lang/crates.io-index"
checksum = "e2abad23fbc42b3700f2f279844dc832adb2b2eb069b2df918f455c4e18cc646"

[[package]]
name = "libc"
version = "0.1.0"
source = "registry+https://github.com/rust-lang/crates.io-index"
checksum = "367f169cc2ae9afbe5c7309b3d5c34dced82e9da121104d2b826cf2aee3502ae"

[[package]]
name = "libc"
version = "0.2.150"
source = "registry+https://github.com/rust-lang/crates.io-index"
checksum = "89d92a4743f9a61002fae18374ed11e7973f530cb3a3255fb354818118b2203c"

[[package]]
name = "lock_api"
version = "0.4.6"
source = "registry+https://github.com/rust-lang/crates.io-index"
checksum = "88943dd7ef4a2e5a4bfa2753aaab3013e34ce2533d1996fb18ef591e315e2b3b"
dependencies = [
 "scopeguard",
]

[[package]]
name = "log"
version = "0.4.5"
source = "registry+https://github.com/rust-lang/crates.io-index"
checksum = "d4fcce5fa49cc693c312001daf1d13411c4a5283796bac1084299ea3e567113f"
dependencies = [
 "cfg-if 0.1.2",
]

[[package]]
name = "memoffset"
version = "0.6.3"
source = "registry+https://github.com/rust-lang/crates.io-index"
checksum = "f83fb6581e8ed1f85fd45c116db8405483899489e38406156c25eb743554361d"
dependencies = [
 "autocfg",
]

[[package]]
name = "miniz_oxide"
version = "0.4.0"
source = "registry+https://github.com/rust-lang/crates.io-index"
checksum = "be0f75932c1f6cfae3c04000e40114adf955636e19040f9c0a2c380702aa1c7f"
dependencies = [
 "adler 0.2.1",
]

[[package]]
name = "miniz_oxide"
version = "0.5.0"
source = "registry+https://github.com/rust-lang/crates.io-index"
checksum = "972e674995946bbd2a8324ad41211cb65b731177c06b5d1aee83ac114a06ebff"
dependencies = [
 "adler 1.0.0",
]

[[package]]
name = "mio"
version = "0.8.7"
source = "registry+https://github.com/rust-lang/crates.io-index"
checksum = "eebffdb73fe72e917997fad08bdbf31ac50b0fa91cec93e69a0662e4264d454c"
dependencies = [
 "libc 0.2.150",
 "wasi",
 "windows-sys 0.48.0",
]

[[package]]
name = "native-tls"
version = "0.2.3"
source = "registry+https://github.com/rust-lang/crates.io-index"
checksum = "4b2df1a4c22fd44a62147fd8f13dd0f95c9d8ca7b2610299b2a2f9cf8964274e"
dependencies = [
 "lazy_static",
 "libc 0.2.150",
 "log",
 "openssl",
 "openssl-probe 0.1.0",
 "openssl-sys",
 "schannel",
 "security-framework 0.3.4",
 "security-framework-sys 0.3.3",
 "tempfile",
]

[[package]]
name = "nix"
version = "0.25.0"
source = "registry+https://github.com/rust-lang/crates.io-index"
checksum = "e322c04a9e3440c327fca7b6c8a63e6890a32fa2ad689db972425f07e0d22abb"
dependencies = [
 "autocfg",
 "bitflags 1.1.0",
 "cfg-if 1.0.0",
 "libc 0.2.150",
 "memoffset",
 "pin-utils",
]

[[package]]
name = "num_cpus"
version = "1.8.0"
source = "registry+https://github.com/rust-lang/crates.io-index"
checksum = "c51a3322e4bca9d212ad9a158a02abc6934d005490c054a2778df73a70aa0a30"
dependencies = [
 "libc 0.2.150",
]

[[package]]
name = "object"
version = "0.23.0"
source = "registry+https://github.com/rust-lang/crates.io-index"
checksum = "a9a7ab5d64814df0fe4a4b5ead45ed6c5f181ee3ff04ba344313a6c80446c5d4"

[[package]]
name = "once_cell"
version = "1.16.0"
source = "registry+https://github.com/rust-lang/crates.io-index"
checksum = "86f0b0d4bf799edbc74508c1e8bf170ff5f41238e5f8225603ca7caaae2b7860"

[[package]]
name = "openssl"
version = "0.10.15"
source = "registry+https://github.com/rust-lang/crates.io-index"
checksum = "5e1309181cdcbdb51bc3b6bedb33dfac2a83b3d585033d3f6d9e22e8c1928613"
dependencies = [
 "bitflags 1.1.0",
 "cfg-if 0.1.2",
 "foreign-types",
 "lazy_static",
 "libc 0.2.150",
 "openssl-sys",
]

[[package]]
name = "openssl-probe"
version = "0.1.0"
source = "registry+https://github.com/rust-lang/crates.io-index"
checksum = "756d49c8424483a3df3b5d735112b4da22109ced9a8294f1f5cdf80fb3810919"

[[package]]
name = "openssl-probe"
version = "0.2.0"
source = "registry+https://github.com/rust-lang/crates.io-index"
checksum = "9f50d9b3dabb09ecd771ad0aa242ca6894994c130308ca3d7684634df8037391"

[[package]]
name = "openssl-sys"
version = "0.9.39"
source = "registry+https://github.com/rust-lang/crates.io-index"
checksum = "278c1ad40a89aa1e741a1eed089a2f60b18fab8089c3139b542140fc7d674106"
dependencies = [
 "cc",
 "libc 0.2.150",
 "pkg-config",
 "vcpkg",
]

[[package]]
name = "parking_lot"
version = "0.12.0"
source = "registry+https://github.com/rust-lang/crates.io-index"
checksum = "87f5ec2493a61ac0506c0f4199f99070cbe83857b0337006a30f3e6719b8ef58"
dependencies = [
 "lock_api",
 "parking_lot_core",
]

[[package]]
name = "parking_lot_core"
version = "0.9.0"
source = "registry+https://github.com/rust-lang/crates.io-index"
checksum = "b2f4f894f3865f6c0e02810fc597300f34dc2510f66400da262d8ae10e75767d"
dependencies = [
 "cfg-if 1.0.0",
 "libc 0.2.150",
 "redox_syscall 0.2.8",
 "smallvec",
 "windows-sys 0.29.0",
]

[[package]]
name = "pin-project-lite"
version = "0.2.11"
source = "registry+https://github.com/rust-lang/crates.io-index"
checksum = "2c516611246607d0c04186886dbb3a754368ef82c79e9827a802c6d836dd111c"

[[package]]
name = "pin-utils"
version = "0.1.0"
source = "registry+https://github.com/rust-lang/crates.io-index"
checksum = "8b870d8c151b6f2fb93e84a13146138f05d02ed11c7e7c54f8826aaaf7c9f184"

[[package]]
name = "pkg-config"
version = "0.3.9"
source = "registry+https://github.com/rust-lang/crates.io-index"
checksum = "3a8b4c6b8165cd1a1cd4b9b120978131389f64bdaf456435caa41e630edba903"

[[package]]
name = "proc-macro2"
version = "1.0.74"
source = "registry+https://github.com/rust-lang/crates.io-index"
checksum = "2de98502f212cfcea8d0bb305bd0f49d7ebdd75b64ba0a68f937d888f4e0d6db"
dependencies = [
 "unicode-ident",
]

[[package]]
name = "quote"
version = "1.0.35"
source = "registry+https://github.com/rust-lang/crates.io-index"
checksum = "291ec9ab5efd934aaf503a6466c5d5251535d108ee747472c3977cc5acc868ef"
dependencies = [
 "proc-macro2",
]

[[package]]
name = "rand"
version = "0.4.1"
source = "registry+https://github.com/rust-lang/crates.io-index"
checksum = "9d5f78082e6a6d042862611e9640cf20776185fee506cf6cf67e93c6225cee31"
dependencies = [
 "fuchsia-zircon",
 "libc 0.2.150",
]

[[package]]
name = "redox_syscall"
version = "0.1.0"
source = "registry+https://github.com/rust-lang/crates.io-index"
checksum = "35a48131ab10dbeb17202bd1dcb9c9798963a58a50c9ec31640f237358832094"

[[package]]
name = "redox_syscall"
version = "0.2.8"
source = "registry+https://github.com/rust-lang/crates.io-index"
checksum = "742739e41cd49414de871ea5e549afb7e2a3ac77b589bcbebe8c82fab37147fc"
dependencies = [
 "bitflags 1.1.0",
]

[[package]]
name = "remove_dir_all"
version = "0.5.0"
source = "registry+https://github.com/rust-lang/crates.io-index"
checksum = "dfc5b3ce5d5ea144bb04ebd093a9e14e9765bcfec866aecda9b6dec43b3d1e24"
dependencies = [
 "winapi 0.3.0",
]

[[package]]
name = "ring"
version = "0.17.0"
source = "registry+https://github.com/rust-lang/crates.io-index"
checksum = "fb9d44f9bf6b635117787f72416783eb7e4227aaf255e5ce739563d817176a7e"
dependencies = [
 "cc",
 "getrandom",
 "libc 0.2.150",
 "spin",
 "untrusted",
 "windows-sys 0.48.0",
]

[[package]]
name = "rustc-demangle"
version = "0.1.4"
source = "registry+https://github.com/rust-lang/crates.io-index"
checksum = "3058a43ada2c2d0b92b3ae38007a2d0fa5e9db971be260e0171408a4ff471c95"

[[package]]
name = "rustls"
version = "0.23.38"
source = "registry+https://github.com/rust-lang/crates.io-index"
checksum = "69f9466fb2c14ea04357e91413efb882e2a6d4a406e625449bc0a5d360d53a21"
dependencies = [
 "once_cell",
 "ring",
 "rustls-pki-types",
 "rustls-webpki",
 "subtle",
 "zeroize",
]

[[package]]
name = "rustls-native-certs"
version = "0.8.3"
source = "registry+https://github.com/rust-lang/crates.io-index"
checksum = "612460d5f7bea540c490b2b6395d8e34a953e52b491accd6c86c8164c5932a63"
dependencies = [
 "openssl-probe 0.2.0",
 "rustls-pki-types",
 "schannel",
 "security-framework 3.0.0",
]

[[package]]
name = "rustls-pki-types"
version = "1.12.0"
source = "registry+https://github.com/rust-lang/crates.io-index"
checksum = "229a4a4c221013e7e1f1a043678c5cc39fe5171437c88fb47151a21e6f5b5c79"
dependencies = [
 "zeroize",
]

[[package]]
name = "rustls-webpki"
version = "0.103.13"
source = "registry+https://github.com/rust-lang/crates.io-index"
checksum = "61c429a8649f110dddef65e2a5ad240f747e85f7758a6bccc7e5777bd33f756e"
dependencies = [
 "ring",
 "rustls-pki-types",
 "untrusted",
]

[[package]]
name = "ryu"
version = "1.0.0"
source = "registry+https://github.com/rust-lang/crates.io-index"
checksum = "c92464b447c0ee8c4fb3824ecc8383b81717b9f1e74ba2e72540aef7b9f82997"

[[package]]
name = "schannel"
version = "0.1.13"
source = "registry+https://github.com/rust-lang/crates.io-index"
checksum = "dc1fabf2a7b6483a141426e1afd09ad543520a77ac49bd03c286e7696ccfd77f"
dependencies = [
 "lazy_static",
 "winapi 0.3.0",
]

[[package]]
name = "scopeguard"
version = "1.1.0"
source = "registry+https://github.com/rust-lang/crates.io-index"
checksum = "d29ab0c6d3fc0ee92fe66e2d99f700eab17a8d57d1c1d3b748380fb20baa78cd"

[[package]]
name = "secp256k1"
version = "0.29.0"
source = "registry+https://github.com/rust-lang/crates.io-index"
checksum = "0e0cc0f1cf93f4969faf3ea1c7d8a9faed25918d96affa959720823dfe86d4f3"
dependencies = [
 "bitcoin_hashes 0.12.0",
 "secp256k1-sys",
 "serde",
]

[[package]]
name = "secp256k1-sys"
version = "0.10.0"
source = "registry+https://github.com/rust-lang/crates.io-index"
checksum = "1433bd67156263443f14d603720b082dd3121779323fce20cba2aa07b874bc1b"
dependencies = [
 "cc",
]

[[package]]
name = "security-framework"
version = "0.3.4"
source = "registry+https://github.com/rust-lang/crates.io-index"
checksum = "8ef2429d7cefe5fd28bd1d2ed41c944547d4ff84776f5935b456da44593a16df"
dependencies = [
 "core-foundation 0.6.3",
 "core-foundation-sys 0.6.2",
 "libc 0.2.150",
 "security-framework-sys 0.3.3",
]

[[package]]
name = "security-framework"
version = "3.0.0"
source = "registry+https://github.com/rust-lang/crates.io-index"
checksum = "f9d0283c0a4a22a0f1b0e4edca251aa20b92fc96eaa09b84bec052f9415e9d71"
dependencies = [
 "bitflags 2.6.0",
 "core-foundation 0.10.0",
 "core-foundation-sys 0.8.7",
 "libc 0.2.150",
 "security-framework-sys 2.12.0",
]

[[package]]
name = "security-framework-sys"
version = "0.3.3"
source = "registry+https://github.com/rust-lang/crates.io-index"
checksum = "e31493fc37615debb8c5090a7aeb4a9730bc61e77ab10b9af59f1a202284f895"
dependencies = [
 "core-foundation-sys 0.6.2",
]

[[package]]
name = "security-framework-sys"
version = "2.12.0"
source = "registry+https://github.com/rust-lang/crates.io-index"
checksum = "ea4a292869320c0272d7bc55a5a6aafaff59b4f63404a003887b679a2e05b4b6"
dependencies = [
 "core-foundation-sys 0.8.7",
 "libc 0.2.150",
]

[[package]]
name = "serde"
version = "1.0.194"
source = "registry+https://github.com/rust-lang/crates.io-index"
checksum = "0b114498256798c94a0689e1a15fec6005dee8ac1f41de56404b67afc2a4b773"
dependencies = [
 "serde_derive",
]

[[package]]
name = "serde_derive"
version = "1.0.194"
source = "registry+https://github.com/rust-lang/crates.io-index"
checksum = "a3385e45322e8f9931410f01b3031ec534c3947d0e94c18049af4d9f9907d4e0"
dependencies = [
 "proc-macro2",
 "quote",
 "syn",
]

[[package]]
name = "serde_json"
version = "1.0.117"
source = "registry+https://github.com/rust-lang/crates.io-index"
checksum = "455182ea6142b14f93f4bc5320a2b31c1f266b66a4a5c858b013302a5d8cbfc3"
dependencies = [
 "itoa",
 "ryu",
 "serde",
]

[[package]]
name = "signal-hook-registry"
version = "1.1.1"
source = "registry+https://github.com/rust-lang/crates.io-index"
checksum = "1797d48f38f91643908bb14e35e79928f9f4b3cefb2420a564dde0991b4358dc"
dependencies = [
 "arc-swap",
 "libc 0.2.150",
]

[[package]]
name = "smallvec"
version = "1.6.1"
source = "registry+https://github.com/rust-lang/crates.io-index"
checksum = "fe0f37c9e8f3c5a4a66ad655a93c74daac4ad00c441533bf5c6e7990bb42604e"

[[package]]
name = "socket2"
version = "0.5.3"
source = "registry+https://github.com/rust-lang/crates.io-index"
checksum = "2538b18701741680e0322a2302176d3253a35388e2e62f172f64f4f16605f877"
dependencies = [
 "libc 0.2.150",
 "windows-sys 0.48.0",
]

[[package]]
name = "spin"
version = "0.9.2"
source = "registry+https://github.com/rust-lang/crates.io-index"
checksum = "511254be0c5bcf062b019a6c89c01a664aa359ded62f78aa72c6fc137c0590e5"

[[package]]
name = "subtle"
version = "2.5.0"
source = "registry+https://github.com/rust-lang/crates.io-index"
checksum = "81cdd64d312baedb58e21336b31bc043b77e01cc99033ce76ef539f78e965ebc"

[[package]]
name = "syn"
version = "2.0.46"
source = "registry+https://github.com/rust-lang/crates.io-index"
checksum = "89456b690ff72fddcecf231caedbe615c59480c93358a93dfae7fc29e3ebbf0e"
dependencies = [
 "proc-macro2",
 "quote",
 "unicode-ident",
]

[[package]]
name = "tar"
version = "0.4.0"
source = "registry+https://github.com/rust-lang/crates.io-index"
checksum = "b318936d58f67837de6e85e55a06ffbc371e1d025c253c833db247a7203d7f5e"
dependencies = [
 "filetime",
 "libc 0.2.150",
 "winapi 0.2.0",
]

[[package]]
name = "tempfile"
version = "3.0.2"
source = "registry+https://github.com/rust-lang/crates.io-index"
checksum = "47776f63b85777d984a50ce49d6b9e58826b6a3766a449fc95bc66cd5663c15b"
dependencies = [
 "libc 0.2.150",
 "rand",
 "redox_syscall 0.1.0",
 "remove_dir_all",
 "winapi 0.3.0",
]

[[package]]
name = "tokio"
version = "1.30.0"
source = "registry+https://github.com/rust-lang/crates.io-index"
checksum = "2d3ce25f50619af8b0aec2eb23deebe84249e19e2ddd393a6e16e3300a6dadfd"
dependencies = [
 "backtrace",
 "bytes",
 "libc 0.2.150",
 "mio",
 "num_cpus",
 "parking_lot",
 "pin-project-lite",
 "signal-hook-registry",
 "socket2",
 "tokio-macros",
 "windows-sys 0.48.0",
]

[[package]]
name = "tokio-macros"
version = "2.1.0"
source = "registry+https://github.com/rust-lang/crates.io-index"
checksum = "630bdcf245f78637c13ec01ffae6187cca34625e8c63150d424b59e55af2675e"
dependencies = [
 "proc-macro2",
 "quote",
 "syn",
]

[[package]]
name = "tokio-native-tls"
version = "0.3.0"
source = "registry+https://github.com/rust-lang/crates.io-index"
checksum = "f7d995660bd2b7f8c1568414c1126076c13fbb725c40112dc0120b78eb9b717b"
dependencies = [
 "native-tls",
 "tokio",
]

[[package]]
name = "tokio-rustls"
version = "0.26.4"
source = "registry+https://github.com/rust-lang/crates.io-index"
checksum = "1729aa945f29d91ba541258c8df89027d5792d85a8841fb65e8bf0f4ede4ef61"
dependencies = [
 "rustls",
 "tokio",
]

[[package]]
name = "unicode-ident"
version = "1.0.0"
source = "registry+https://github.com/rust-lang/crates.io-index"
checksum = "d22af068fba1eb5edcb4aea19d382b2a3deb4c8f9d475c589b6ada9e0fd493ee"

[[package]]
name = "untrusted"
version = "0.9.0"
source = "registry+https://github.com/rust-lang/crates.io-index"
checksum = "8ecb6da28b8a351d773b68d5825ac39017e680750f980f3a1a85cd8dd28a47c1"

[[package]]
name = "vcpkg"
version = "0.2.0"
source = "registry+https://github.com/rust-lang/crates.io-index"
checksum = "df74ff70e2ced9607f67e06640f89a6a6374b459b51bdef290a5cfa657fe4fcc"

[[package]]
name = "wasi"
version = "0.11.0+wasi-snapshot-preview1"
source = "registry+https://github.com/rust-lang/crates.io-index"
checksum = "9c8d87e72b64a3b4db28d11ce29237c246188f4f51057d65a7eab63b7987e423"

[[package]]
name = "webpki-roots"
version = "1.0.7"
source = "registry+https://github.com/rust-lang/crates.io-index"
checksum = "52f5ee44c96cf55f1b349600768e3ece3a8f26010c05265ab73f945bb1a2eb9d"
dependencies = [
 "rustls-pki-types",
]

[[package]]
name = "which"
version = "3.1.1"
source = "registry+https://github.com/rust-lang/crates.io-index"
checksum = "d011071ae14a2f6671d0b74080ae0cd8ebf3a6f8c9589a2cd45f23126fe29724"
dependencies = [
 "libc 0.2.150",
]

[[package]]
name = "winapi"
version = "0.0.1"
source = "registry+https://github.com/rust-lang/crates.io-index"
checksum = "14dc7d011a9ae4d6242901219f3c206bfa00cedbe60fc0e296744b22d945f98d"

[[package]]
name = "winapi"
version = "0.2.0"
source = "registry+https://github.com/rust-lang/crates.io-index"
checksum = "468147912ffe83a3601aeac78ed7b09ea8e357ccf5479fd47e8e8abff9e589eb"

[[package]]
name = "winapi"
version = "0.3.0"
source = "registry+https://github.com/rust-lang/crates.io-index"
checksum = "b3ad91d846a4a5342c1fb7008d26124ee6cf94a3953751618577295373b32117"
dependencies = [
 "winapi-i686-pc-windows-gnu",
 "winapi-x86_64-pc-windows-gnu",
]

[[package]]
name = "winapi-i686-pc-windows-gnu"
version = "0.3.0"
source = "registry+https://github.com/rust-lang/crates.io-index"
checksum = "a16a8e2ebfc883e2b1771c6482b1fb3c6831eab289ba391619a2d93a7356220f"

[[package]]
name = "winapi-x86_64-pc-windows-gnu"
version = "0.3.0"
source = "registry+https://github.com/rust-lang/crates.io-index"
checksum = "8ca29cb03c8ceaf20f8224a18a530938305e9872b1478ea24ff44b4f503a1d1d"

[[package]]
name = "windows-sys"
version = "0.29.0"
source = "registry+https://github.com/rust-lang/crates.io-index"
checksum = "ceb069ac8b2117d36924190469735767f0990833935ab430155e71a44bafe148"
dependencies = [
 "windows_aarch64_msvc 0.29.0",
 "windows_i686_gnu 0.29.0",
 "windows_i686_msvc 0.29.0",
 "windows_x86_64_gnu 0.29.0",
 "windows_x86_64_msvc 0.29.0",
]

[[package]]
name = "windows-sys"
version = "0.48.0"
source = "registry+https://github.com/rust-lang/crates.io-index"
checksum = "677d2418bec65e3338edb076e806bc1ec15693c5d0104683f2efe857f61056a9"
dependencies = [
 "windows-targets",
]

[[package]]
name = "windows-targets"
version = "0.48.0"
source = "registry+https://github.com/rust-lang/crates.io-index"
checksum = "7b1eb6f0cd7c80c79759c929114ef071b87354ce476d9d94271031c0497adfd5"
dependencies = [
 "windows_aarch64_gnullvm",
 "windows_aarch64_msvc 0.48.0",
 "windows_i686_gnu 0.48.0",
 "windows_i686_msvc 0.48.0",
 "windows_x86_64_gnu 0.48.0",
 "windows_x86_64_gnullvm",
 "windows_x86_64_msvc 0.48.0",
]

[[package]]
name = "windows_aarch64_gnullvm"
version = "0.48.0"
source = "registry+https://github.com/rust-lang/crates.io-index"
checksum = "91ae572e1b79dba883e0d315474df7305d12f569b400fcf90581b06062f7e1bc"

[[package]]
name = "windows_aarch64_msvc"
version = "0.29.0"
source = "registry+https://github.com/rust-lang/crates.io-index"
checksum = "c3d027175d00b01e0cbeb97d6ab6ebe03b12330a35786cbaca5252b1c4bf5d9b"

[[package]]
name = "windows_aarch64_msvc"
version = "0.48.0"
source = "registry+https://github.com/rust-lang/crates.io-index"
checksum = "b2ef27e0d7bdfcfc7b868b317c1d32c641a6fe4629c171b8928c7b08d98d7cf3"

[[package]]
name = "windows_i686_gnu"
version = "0.29.0"
source = "registry+https://github.com/rust-lang/crates.io-index"
checksum = "8793f59f7b8e8b01eda1a652b2697d87b93097198ae85f823b969ca5b89bba58"

[[package]]
name = "windows_i686_gnu"
version = "0.48.0"
source = "registry+https://github.com/rust-lang/crates.io-index"
checksum = "622a1962a7db830d6fd0a69683c80a18fda201879f0f447f065a3b7467daa241"

[[package]]
name = "windows_i686_msvc"
version = "0.29.0"
source = "registry+https://github.com/rust-lang/crates.io-index"
checksum = "8602f6c418b67024be2996c512f5f995de3ba417f4c75af68401ab8756796ae4"

[[package]]
name = "windows_i686_msvc"
version = "0.48.0"
source = "registry+https://github.com/rust-lang/crates.io-index"
checksum = "4542c6e364ce21bf45d69fdd2a8e455fa38d316158cfd43b3ac1c5b1b19f8e00"

[[package]]
name = "windows_x86_64_gnu"
version = "0.29.0"
source = "registry+https://github.com/rust-lang/crates.io-index"
checksum = "f3d615f419543e0bd7d2b3323af0d86ff19cbc4f816e6453f36a2c2ce889c354"

[[package]]
name = "windows_x86_64_gnu"
version = "0.48.0"
source = "registry+https://github.com/rust-lang/crates.io-index"
checksum = "ca2b8a661f7628cbd23440e50b05d705db3686f894fc9580820623656af974b1"

[[package]]
name = "windows_x86_64_gnullvm"
version = "0.48.0"
source = "registry+https://github.com/rust-lang/crates.io-index"
checksum = "7896dbc1f41e08872e9d5e8f8baa8fdd2677f29468c4e156210174edc7f7b953"

[[package]]
name = "windows_x86_64_msvc"
version = "0.29.0"
source = "registry+https://github.com/rust-lang/crates.io-index"
checksum = "11d95421d9ed3672c280884da53201a5c46b7b2765ca6faf34b0d71cf34a3561"

[[package]]
name = "windows_x86_64_msvc"
version = "0.48.0"
source = "registry+https://github.com/rust-lang/crates.io-index"
checksum = "1a515f5799fe4961cb532f983ce2b23082366b898e52ffbce459c86f67c8378a"

[[package]]
name = "zeroize"
version = "1.8.1"
source = "registry+https://github.com/rust-lang/crates.io-index"
checksum = "ced3678a2879b30306d323f4542626697a464a97c0a07c9aebf7ebca65cd4dde"

[[package]]
name = "zip"
version = "0.6.6"
source = "registry+https://github.com/rust-lang/crates.io-index"
checksum = "760394e246e4c28189f19d488c058bf16f564016aefac5d32bb1f3b51d5e9261"
dependencies = [
 "byteorder",
 "bzip2",
 "crc32fast",
 "crossbeam-utils",
 "flate2",
]
